
Microsoft Visual Studio Solution File, Format Version 12.00
# Visual Studio 15
VisualStudioVersion = 15.0.28010.0
MinimumVisualStudioVersion = 10.0.40219.1
Project("{FAE04EC0-301F-11D3-BF4B-00C04F79EFBC}") = "DotSpatial通用工具", "wkt\DotSpatial通用工具.csproj", "{14035603-D142-4FE9-9BB1-7548FEB74F62}"
EndProject
Global
	GlobalSection(SolutionConfigurationPlatforms) = preSolution
		Debug|Any CPU = Debug|Any CPU
		Release|Any CPU = Release|Any CPU
	EndGlobalSection
	GlobalSection(ProjectConfigurationPlatforms) = postSolution
		{14035603-D142-4FE9-9BB1-7548FEB74F62}.Debug|Any CPU.ActiveCfg = Debug|Any CPU
		{14035603-D142-4FE9-9BB1-7548FEB74F62}.Debug|Any CPU.Build.0 = Debug|Any CPU
		{14035603-D142-4FE9-9BB1-7548FEB74F62}.Release|Any CPU.ActiveCfg = Release|Any CPU
		{14035603-D142-4FE9-9BB1-7548FEB74F62}.Release|Any CPU.Build.0 = Release|Any CPU
	EndGlobalSection
	GlobalSection(SolutionProperties) = preSolution
		HideSolutionNode = FALSE
	EndGlobalSection
	GlobalSection(ExtensibilityGlobals) = postSolution
		SolutionGuid = {477725DE-0C69-4DE0-9F8A-E2BAACA2B30A}
	EndGlobalSection
EndGlobal
